// !$*UTF8*$!
{
	archiveVersion = 1;
	classes = {
	};
	objectVersion = 46;
	objects = {

/* Begin PBXBuildFile section */
		CC6FE2691C425DC000E1886D /* AppDelegate.swift in Sources */ = {isa = PBXBuildFile; fileRef = CC6FE2681C425DC000E1886D /* AppDelegate.swift */; };
		CC6FE26B1C425DC000E1886D /* ViewController.swift in Sources */ = {isa = PBXBuildFile; fileRef = CC6FE26A1C425DC000E1886D /* ViewController.swift */; };
		CC6FE26E1C425DC000E1886D /* Main.storyboard in Resources */ = {isa = PBXBuildFile; fileRef = CC6FE26C1C425DC000E1886D /* Main.storyboard */; };
		CC6FE2711C425DC000E1886D /* Library.xcdatamodeld in Sources */ = {isa = PBXBuildFile; fileRef = CC6FE26F1C425DC000E1886D /* Library.xcdatamodeld */; };
		CC6FE2731C425DC000E1886D /* Assets.xcassets in Resources */ = {isa = PBXBuildFile; fileRef = CC6FE2721C425DC000E1886D /* Assets.xcassets */; };
		CC6FE2761C425DC000E1886D /* LaunchScreen.storyboard in Resources */ = {isa = PBXBuildFile; fileRef = CC6FE2741C425DC000E1886D /* LaunchScreen.storyboard */; };
/* End PBXBuildFile section */

/* Begin PBXFileReference section */
		CC6FE2651C425DC000E1886D /* Library.app */ = {isa = PBXFileReference; explicitFileType = wrapper.application; includeInIndex = 0; path = Library.app; sourceTree = BUILT_PRODUCTS_DIR; };
		CC6FE2681C425DC000E1886D /* AppDelegate.swift */ = {isa = PBXFileReference; lastKnownFileType = sourcecode.swift; path = AppDelegate.swift; sourceTree = "<group>"; };
		CC6FE26A1C425DC000E1886D /* ViewController.swift */ = {isa = PBXFileReference; lastKnownFileType = sourcecode.swift; path = ViewController.swift; sourceTree = "<group>"; };
		CC6FE26D1C425DC000E1886D /* Base */ = {isa = PBXFileReference; lastKnownFileType = file.storyboard; name = Base; path = Base.lproj/Main.storyboard; sourceTree = "<group>"; };
		CC6FE2701C425DC000E1886D /* Library.xcdatamodel */ = {isa = PBXFileReference; lastKnownFileType = wrapper.xcdatamodel; path = Library.xcdatamodel; sourceTree = "<group>"; };
		CC6FE2721C425DC000E1886D /* Assets.xcassets */ = {isa = PBXFileReference; lastKnownFileType = folder.assetcatalog; path = Assets.xcassets; sourceTree = "<group>"; };
		CC6FE2751C425DC000E1886D /* Base */ = {isa = PBXFileReference; lastKnownFileType = file.storyboard; name = Base; path = Base.lproj/LaunchScreen.storyboard; sourceTree = "<group>"; };
		CC6FE2771C425DC000E1886D /* Info.plist */ = {isa = PBXFileReference; lastKnownFileType = text.plist.xml; path = Info.plist; sourceTree = "<group>"; };
/* End PBXFileReference section */

/* Begin PBXFrameworksBuildPhase section */
		CC6FE2621C425DC000E1886D /* Frameworks */ = {
			isa = PBXFrameworksBuildPhase;
			buildActionMask = 2147483647;
			files = (
			);
			runOnlyForDeploymentPostprocessing = 0;
		};
/* End PBXFrameworksBuildPhase section */

/* Begin PBXGroup section */
		CC6FE25C1C425DC000E1886D = {
			isa = PBXGroup;
			children = (
				CC6FE2671C425DC000E1886D /* Library */,
				CC6FE2661C425DC000E1886D /* Products */,
			);
			sourceTree = "<group>";
		};
		CC6FE2661C425DC000E1886D /* Products */ = {
			isa = PBXGroup;
			children = (
				CC6FE2651C425DC000E1886D /* Library.app */,
			);
			name = Products;
			sourceTree = "<group>";
		};
		CC6FE2671C425DC000E1886D /* Library */ = {
			isa = PBXGroup;
			children = (
				CC6FE2681C425DC000E1886D /* AppDelegate.swift */,
				CC6FE26A1C425DC000E1886D /* ViewController.swift */,
				CC6FE26C1C425DC000E1886D /* Main.storyboard */,
				CC6FE2721C425DC000E1886D /* Assets.xcassets */,
				CC6FE2741C425DC000E1886D /* LaunchScreen.storyboard */,
				CC6FE2771C425DC000E1886D /* Info.plist */,
				CC6FE26F1C425DC000E1886D /* Library.xcdatamodeld */,
			);
			path = Library;
			sourceTree = "<group>";
		};
/* End PBXGroup section */

/* Begin PBXNativeTarget section */
		CC6FE2641C425DC000E1886D /* Library */ = {
			isa = PBXNativeTarget;
			buildConfigurationList = CC6FE27A1C425DC000E1886D /* Build configuration list for PBXNativeTarget "Library" */;
			buildPhases = (
				CC6FE2611C425DC000E1886D /* Sources */,
				CC6FE2621C425DC000E1886D /* Frameworks */,
				CC6FE2631C425DC000E1886D /* Resources */,
			);
			buildRules = (
			);
			dependencies = (
			);
			name = Library;
			productName = Library;
			productReference = CC6FE2651C425DC000E1886D /* Library.app */;
			productType = "com.apple.product-type.application";
		};
/* End PBXNativeTarget section */

/* Begin PBXProject section */
		CC6FE25D1C425DC000E1886D /* Project object */ = {
			isa = PBXProject;
			attributes = {
				LastSwiftUpdateCheck = 0720;
				LastUpgradeCheck = 0720;
				ORGANIZATIONNAME = "Bart Jacobs";
				TargetAttributes = {
					CC6FE2641C425DC000E1886D = {
						CreatedOnToolsVersion = 7.2;
					};
				};
			};
			buildConfigurationList = CC6FE2601C425DC000E1886D /* Build configuration list for PBXProject "Library" */;
			compatibilityVersion = "Xcode 3.2";
			developmentRegion = English;
			hasScannedForEncodings = 0;
			knownRegions = (
				en,
				Base,
			);
			mainGroup = CC6FE25C1C425DC000E1886D;
			productRefGroup = CC6FE2661C425DC000E1886D /* Products */;
			projectDirPath = "";
			projectRoot = "";
			targets = (
				CC6FE2641C425DC000E1886D /* Library */,
			);
		};
/* End PBXProject section */

/* Begin PBXResourcesBuildPhase section */
		CC6FE2631C425DC000E1886D /* Resources */ = {
			isa = PBXResourcesBuildPhase;
			buildActionMask = 2147483647;
			files = (
				CC6FE2761C425DC000E1886D /* LaunchScreen.storyboard in Resources */,
				CC6FE2731C425DC000E1886D /* Assets.xcassets in Resources */,
				CC6FE26E1C425DC000E1886D /* Main.storyboard in Resources */,
			);
			runOnlyForDeploymentPostprocessing = 0;
		};
/* End PBXResourcesBuildPhase section */

/* Begin PBXSourcesBuildPhase section */
		CC6FE2611C425DC000E1886D /* Sources */ = {
			isa = PBXSourcesBuildPhase;
			buildActionMask = 2147483647;
			files = (
				CC6FE26B1C425DC000E1886D /* ViewController.swift in Sources */,
				CC6FE2691C425DC000E1886D /* AppDelegate.swift in Sources */,
				CC6FE2711C425DC000E1886D /* Library.xcdatamodeld in Sources */,
			);
			runOnlyForDeploymentPostprocessing = 0;
		};
/* End PBXSourcesBuildPhase section */

/* Begin PBXVariantGroup section */
		CC6FE26C1C425DC000E1886D /* Main.storyboard */ = {
			isa = PBXVariantGroup;
			children = (
				CC6FE26D1C425DC000E1886D /* Base */,
			);
			name = Main.storyboard;
			sourceTree = "<group>";
		};
		CC6FE2741C425DC000E1886D /* LaunchScreen.storyboard */ = {
			isa = PBXVariantGroup;
			children = (
				CC6FE2751C425DC000E1886D /* Base */,
			);
			name = LaunchScreen.storyboard;
			sourceTree = "<group>";
		};
/* End PBXVariantGroup section */

/* Begin XCBuildConfiguration section */
		CC6FE2781C425DC000E1886D /* Debug */ = {
			isa = XCBuildConfiguration;
			buildSettings = {
				ALWAYS_SEARCH_USER_PATHS = NO;
				CLANG_CXX_LANGUAGE_STANDARD = "gnu++0x";
				CLANG_CXX_LIBRARY = "libc++";
				CLANG_ENABLE_MODULES = YES;
				CLANG_ENABLE_OBJC_ARC = YES;
				CLANG_WARN_BOOL_CONVERSION = YES;
				CLANG_WARN_CONSTANT_CONVERSION = YES;
				CLANG_WARN_DIRECT_OBJC_ISA_USAGE = YES_ERROR;
				CLANG_WARN_EMPTY_BODY = YES;
				CLANG_WARN_ENUM_CONVERSION = YES;
				CLANG_WARN_INT_CONVERSION = YES;
				CLANG_WARN_OBJC_ROOT_CLASS = YES_ERROR;
				CLANG_WARN_UNREACHABLE_CODE = YES;
				CLANG_WARN__DUPLICATE_METHOD_MATCH = YES;
				"CODE_SIGN_IDENTITY[sdk=iphoneos*]" = "iPhone Developer";
				COPY_PHASE_STRIP = NO;
				DEBUG_INFORMATION_FORMAT = dwarf;
				ENABLE_STRICT_OBJC_MSGSEND = YES;
				ENABLE_TESTABILITY = YES;
				GCC_C_LANGUAGE_STANDARD = gnu99;
				GCC_DYNAMIC_NO_PIC = NO;
				GCC_NO_COMMON_BLOCKS = YES;
				GCC_OPTIMIZATION_LEVEL = 0;
				GCC_PREPROCESSOR_DEFINITIONS = (
					"DEBUG=1",
					"$(inherited)",
				);
				GCC_WARN_64_TO_32_BIT_CONVERSION = YES;
				GCC_WARN_ABOUT_RETURN_TYPE = YES_ERROR;
				GCC_WARN_UNDECLARED_SELECTOR = YES;
				GCC_WARN_UNINITIALIZED_AUTOS = YES_AGGRESSIVE;
				GCC_WARN_UNUSED_FUNCTION = YES;
				GCC_WARN_UNUSED_VARIABLE = YES;
				IPHONEOS_DEPLOYMENT_TARGET = 9.2;
				MTL_ENABLE_DEBUG_INFO = YES;
				ONLY_ACTIVE_ARCH = YES;
				SDKROOT = iphoneos;
				SWIFT_OPTIMIZATION_LEVEL = "-Onone";
			};
			name = Debug;
		};
		CC6FE2791C425DC000E1886D /* Release */ = {
			isa = XCBuildConfiguration;
			buildSettings = {
				ALWAYS_SEARCH_USER_PATHS = NO;
				CLANG_CXX_LANGUAGE_STANDARD = "gnu++0x";
				CLANG_CXX_LIBRARY = "libc++";
				CLANG_ENABLE_MODULES = YES;
				CLANG_ENABLE_OBJC_ARC = YES;
				CLANG_WARN_BOOL_CONVERSION = YES;
				CLANG_WARN_CONSTANT_CONVERSION = YES;
				CLANG_WARN_DIRECT_OBJC_ISA_USAGE = YES_ERROR;
				CLANG_WARN_EMPTY_BODY = YES;
				CLANG_WARN_ENUM_CONVERSION = YES;
				CLANG_WARN_INT_CONVERSION = YES;
				CLANG_WARN_OBJC_ROOT_CLASS = YES_ERROR;
				CLANG_WARN_UNREACHABLE_CODE = YES;
				CLANG_WARN__DUPLICATE_METHOD_MATCH = YES;
				"CODE_SIGN_IDENTITY[sdk=iphoneos*]" = "iPhone Developer";
				COPY_PHASE_STRIP = NO;
				DEBUG_INFORMATION_FORMAT = "dwarf-with-dsym";
				ENABLE_NS_ASSERTIONS = NO;
				ENABLE_STRICT_OBJC_MSGSEND = YES;
				GCC_C_LANGUAGE_STANDARD = gnu99;
				GCC_NO_COMMON_BLOCKS = YES;
				GCC_WARN_64_TO_32_BIT_CONVERSION = YES;
				GCC_WARN_ABOUT_RETURN_TYPE = YES_ERROR;
				GCC_WARN_UNDECLARED_SELECTOR = YES;
				GCC_WARN_UNINITIALIZED_AUTOS = YES_AGGRESSIVE;
				GCC_WARN_UNUSED_FUNCTION = YES;
				GCC_WARN_UNUSED_VARIABLE = YES;
				IPHONEOS_DEPLOYMENT_TARGET = 9.2;
				MTL_ENABLE_DEBUG_INFO = NO;
				SDKROOT = iphoneos;
				VALIDATE_PRODUCT = YES;
			};
			name = Release;
		};
		CC6FE27B1C425DC000E1886D /* Debug */ = {
			isa = XCBuildConfiguration;
			buildSettings = {
				ASSETCATALOG_COMPILER_APPICON_NAME = AppIcon;
				INFOPLIST_FILE = Library/Info.plist;
				LD_RUNPATH_SEARCH_PATHS = "$(inherited) @executable_path/Frameworks";
				PRODUCT_BUNDLE_IDENTIFIER = com.bartjacobs.Library;
				PRODUCT_NAME = "$(TARGET_NAME)";
			};
			name = Debug;
		};
		CC6FE27C1C425DC000E1886D /* Release */ = {
			isa = XCBuildConfiguration;
			buildSettings = {
				ASSETCATALOG_COMPILER_APPICON_NAME = AppIcon;
				INFOPLIST_FILE = Library/Info.plist;
				LD_RUNPATH_SEARCH_PATHS = "$(inherited) @executable_path/Frameworks";
				PRODUCT_BUNDLE_IDENTIFIER = com.bartjacobs.Library;
				PRODUCT_NAME = "$(TARGET_NAME)";
			};
			name = Release;
		};
/* End XCBuildConfiguration section */

/* Begin XCConfigurationList section */
		CC6FE2601C425DC000E1886D /* Build configuration list for PBXProject "Library" */ = {
			isa = XCConfigurationList;
			buildConfigurations = (
				CC6FE2781C425DC000E1886D /* Debug */,
				CC6FE2791C425DC000E1886D /* Release */,
			);
			defaultConfigurationIsVisible = 0;
			defaultConfigurationName = Release;
		};
		CC6FE27A1C425DC000E1886D /* Build configuration list for PBXNativeTarget "Library" */ = {
			isa = XCConfigurationList;
			buildConfigurations = (
				CC6FE27B1C425DC000E1886D /* Debug */,
				CC6FE27C1C425DC000E1886D /* Release */,
			);
			defaultConfigurationIsVisible = 0;
		};
/* End XCConfigurationList section */

/* Begin XCVersionGroup section */
		CC6FE26F1C425DC000E1886D /* Library.xcdatamodeld */ = {
			isa = XCVersionGroup;
			children = (
				CC6FE2701C425DC000E1886D /* Library.xcdatamodel */,
			);
			currentVersion = CC6FE2701C425DC000E1886D /* Library.xcdatamodel */;
			path = Library.xcdatamodeld;
			sourceTree = "<group>";
			versionGroupType = wrapper.xcdatamodel;
		};
/* End XCVersionGroup section */
	};
	rootObject = CC6FE25D1C425DC000E1886D /* Project object */;
}
